
Microsoft Visual Studio Solution File, Format Version 12.00
# Visual Studio Version 17
VisualStudioVersion = 17.14.36518.9
MinimumVisualStudioVersion = 10.0.40219.1
Project("{FAE04EC0-301F-11D3-BF4B-00C04F79EFBC}") = "Recipe-AccountInfo", "Recipe-GetAccountInfo\Recipe-AccountInfo.csproj", "{7D9151F4-1D88-7540-AA64-830178A70EE8}"
EndProject
Project("{FAE04EC0-301F-11D3-BF4B-00C04F79EFBC}") = "Recipe-GetTerminalInfo", "Recipe-GetTerminalInfo\Recipe-GetTerminalInfo.csproj", "{6B3E9B05-17F2-FD9F-E1FD-720BA39FF22D}"
EndProject
Project("{FAE04EC0-301F-11D3-BF4B-00C04F79EFBC}") = "Recipe-GetSymbolList", "Recipe-GetSymbolList\Recipe-GetSymbolList.csproj", "{D9D46C9F-580C-4CBF-8EF0-693401F8D72F}"
EndProject
Project("{FAE04EC0-301F-11D3-BF4B-00C04F79EFBC}") = "Recipe-GetQuote", "Recipe-GetQuote\Recipe-GetQuote.csproj", "{1143FA13-B4D8-40A9-83DF-A449422DF2E2}"
EndProject
Project("{FAE04EC0-301F-11D3-BF4B-00C04F79EFBC}") = "Recipe-GetPriceHistory", "Recipe-GetPriceHistory\Recipe-GetPriceHistory.csproj", "{D55561AD-3E4E-4171-A13F-4E90DD5CD134}"
EndProject
Project("{FAE04EC0-301F-11D3-BF4B-00C04F79EFBC}") = "Recipe-TrackPrices", "Recipe-TrackPrices\Recipe-TrackPrices.csproj", "{3394BAE7-2EA6-4B1A-880D-9A9BDB38DE49}"
EndProject
Project("{FAE04EC0-301F-11D3-BF4B-00C04F79EFBC}") = "Recipe-GetSymbolInfo", "Recipe-SymbolInfo\Recipe-GetSymbolInfo.csproj", "{D5423268-DD04-45FF-8EE6-EE9903E9C5F7}"
EndProject
Project("{FAE04EC0-301F-11D3-BF4B-00C04F79EFBC}") = "Recipe-Indicators", "Recipe-Indicators\Recipe-Indicators.csproj", "{04250189-88E2-4563-A317-B8BDF17FA3FA}"
EndProject
Project("{FAE04EC0-301F-11D3-BF4B-00C04F79EFBC}") = "Recipe-GetOrderHistory", "Recipe-GetOrderHistory\Recipe-GetOrderHistory.csproj", "{DB3F8810-F2F2-487F-A8E8-7C471BAFF0BE}"
EndProject
Global
	GlobalSection(SolutionConfigurationPlatforms) = preSolution
		Debug|Any CPU = Debug|Any CPU
		Release|Any CPU = Release|Any CPU
	EndGlobalSection
	GlobalSection(ProjectConfigurationPlatforms) = postSolution
		{7D9151F4-1D88-7540-AA64-830178A70EE8}.Debug|Any CPU.ActiveCfg = Debug|Any CPU
		{7D9151F4-1D88-7540-AA64-830178A70EE8}.Debug|Any CPU.Build.0 = Debug|Any CPU
		{7D9151F4-1D88-7540-AA64-830178A70EE8}.Release|Any CPU.ActiveCfg = Release|Any CPU
		{7D9151F4-1D88-7540-AA64-830178A70EE8}.Release|Any CPU.Build.0 = Release|Any CPU
		{6B3E9B05-17F2-FD9F-E1FD-720BA39FF22D}.Debug|Any CPU.ActiveCfg = Debug|Any CPU
		{6B3E9B05-17F2-FD9F-E1FD-720BA39FF22D}.Debug|Any CPU.Build.0 = Debug|Any CPU
		{6B3E9B05-17F2-FD9F-E1FD-720BA39FF22D}.Release|Any CPU.ActiveCfg = Release|Any CPU
		{6B3E9B05-17F2-FD9F-E1FD-720BA39FF22D}.Release|Any CPU.Build.0 = Release|Any CPU
		{D9D46C9F-580C-4CBF-8EF0-693401F8D72F}.Debug|Any CPU.ActiveCfg = Debug|Any CPU
		{D9D46C9F-580C-4CBF-8EF0-693401F8D72F}.Debug|Any CPU.Build.0 = Debug|Any CPU
		{D9D46C9F-580C-4CBF-8EF0-693401F8D72F}.Release|Any CPU.ActiveCfg = Release|Any CPU
		{D9D46C9F-580C-4CBF-8EF0-693401F8D72F}.Release|Any CPU.Build.0 = Release|Any CPU
		{1143FA13-B4D8-40A9-83DF-A449422DF2E2}.Debug|Any CPU.ActiveCfg = Debug|Any CPU
		{1143FA13-B4D8-40A9-83DF-A449422DF2E2}.Debug|Any CPU.Build.0 = Debug|Any CPU
		{1143FA13-B4D8-40A9-83DF-A449422DF2E2}.Release|Any CPU.ActiveCfg = Release|Any CPU
		{1143FA13-B4D8-40A9-83DF-A449422DF2E2}.Release|Any CPU.Build.0 = Release|Any CPU
		{D55561AD-3E4E-4171-A13F-4E90DD5CD134}.Debug|Any CPU.ActiveCfg = Debug|Any CPU
		{D55561AD-3E4E-4171-A13F-4E90DD5CD134}.Debug|Any CPU.Build.0 = Debug|Any CPU
		{D55561AD-3E4E-4171-A13F-4E90DD5CD134}.Release|Any CPU.ActiveCfg = Release|Any CPU
		{D55561AD-3E4E-4171-A13F-4E90DD5CD134}.Release|Any CPU.Build.0 = Release|Any CPU
		{3394BAE7-2EA6-4B1A-880D-9A9BDB38DE49}.Debug|Any CPU.ActiveCfg = Debug|Any CPU
		{3394BAE7-2EA6-4B1A-880D-9A9BDB38DE49}.Debug|Any CPU.Build.0 = Debug|Any CPU
		{3394BAE7-2EA6-4B1A-880D-9A9BDB38DE49}.Release|Any CPU.ActiveCfg = Release|Any CPU
		{3394BAE7-2EA6-4B1A-880D-9A9BDB38DE49}.Release|Any CPU.Build.0 = Release|Any CPU
		{D5423268-DD04-45FF-8EE6-EE9903E9C5F7}.Debug|Any CPU.ActiveCfg = Debug|Any CPU
		{D5423268-DD04-45FF-8EE6-EE9903E9C5F7}.Debug|Any CPU.Build.0 = Debug|Any CPU
		{D5423268-DD04-45FF-8EE6-EE9903E9C5F7}.Release|Any CPU.ActiveCfg = Release|Any CPU
		{D5423268-DD04-45FF-8EE6-EE9903E9C5F7}.Release|Any CPU.Build.0 = Release|Any CPU
		{04250189-88E2-4563-A317-B8BDF17FA3FA}.Debug|Any CPU.ActiveCfg = Debug|Any CPU
		{04250189-88E2-4563-A317-B8BDF17FA3FA}.Debug|Any CPU.Build.0 = Debug|Any CPU
		{04250189-88E2-4563-A317-B8BDF17FA3FA}.Release|Any CPU.ActiveCfg = Release|Any CPU
		{04250189-88E2-4563-A317-B8BDF17FA3FA}.Release|Any CPU.Build.0 = Release|Any CPU
		{DB3F8810-F2F2-487F-A8E8-7C471BAFF0BE}.Debug|Any CPU.ActiveCfg = Debug|Any CPU
		{DB3F8810-F2F2-487F-A8E8-7C471BAFF0BE}.Debug|Any CPU.Build.0 = Debug|Any CPU
		{DB3F8810-F2F2-487F-A8E8-7C471BAFF0BE}.Release|Any CPU.ActiveCfg = Release|Any CPU
		{DB3F8810-F2F2-487F-A8E8-7C471BAFF0BE}.Release|Any CPU.Build.0 = Release|Any CPU
	EndGlobalSection
	GlobalSection(SolutionProperties) = preSolution
		HideSolutionNode = FALSE
	EndGlobalSection
	GlobalSection(ExtensibilityGlobals) = postSolution
		SolutionGuid = {8519A632-0ABD-4504-80C4-EEACAEA1060C}
	EndGlobalSection
EndGlobal
